Microsoft Visual Studio Solution File, Format Version 11.00
# Visual Studio 2008

Project("{BFC64FB3-DD2E-3A42-A639-3FC22CA122B4}") = "SmallRace", "Assembly-CSharp-firstpass-vs.csproj", "{0DEB0060-CA22-D942-EF45-B6120B223807}"
EndProject
Project("{BFC64FB3-DD2E-3A42-A639-3FC22CA122B4}") = "SmallRace", "Assembly-CSharp-vs.csproj", "{E91CD9D9-13F2-B4A3-7658-1200DF210E0A}"
EndProject
Project("{BFC64FB3-DD2E-3A42-A639-3FC22CA122B4}") = "SmallRace", "Assembly-CSharp-Editor-vs.csproj", "{32B62FC9-65A3-EE66-4ABE-5345D5DFBA2F}"
EndProject
Global
	GlobalSection(SolutionConfigurationPlatforms) = preSolution
		Debug|Any CPU = Debug|Any CPU
		Release|Any CPU = Release|Any CPU
	EndGlobalSection
	GlobalSection(ProjectConfigurationPlatforms) = postSolution
		{0DEB0060-CA22-D942-EF45-B6120B223807}.Debug|Any CPU.ActiveCfg = Debug|Any CPU
		{0DEB0060-CA22-D942-EF45-B6120B223807}.Debug|Any CPU.Build.0 = Debug|Any CPU
		{0DEB0060-CA22-D942-EF45-B6120B223807}.Release|Any CPU.ActiveCfg = Release|Any CPU
		{0DEB0060-CA22-D942-EF45-B6120B223807}.Release|Any CPU.Build.0 = Release|Any CPU
		{E91CD9D9-13F2-B4A3-7658-1200DF210E0A}.Debug|Any CPU.ActiveCfg = Debug|Any CPU
		{E91CD9D9-13F2-B4A3-7658-1200DF210E0A}.Debug|Any CPU.Build.0 = Debug|Any CPU
		{E91CD9D9-13F2-B4A3-7658-1200DF210E0A}.Release|Any CPU.ActiveCfg = Release|Any CPU
		{E91CD9D9-13F2-B4A3-7658-1200DF210E0A}.Release|Any CPU.Build.0 = Release|Any CPU
		{32B62FC9-65A3-EE66-4ABE-5345D5DFBA2F}.Debug|Any CPU.ActiveCfg = Debug|Any CPU
		{32B62FC9-65A3-EE66-4ABE-5345D5DFBA2F}.Debug|Any CPU.Build.0 = Debug|Any CPU
		{32B62FC9-65A3-EE66-4ABE-5345D5DFBA2F}.Release|Any CPU.ActiveCfg = Release|Any CPU
		{32B62FC9-65A3-EE66-4ABE-5345D5DFBA2F}.Release|Any CPU.Build.0 = Release|Any CPU
	EndGlobalSection
	GlobalSection(SolutionProperties) = preSolution
		HideSolutionNode = FALSE
	EndGlobalSection
																																																														GlobalSection(MonoDevelopProperties) = preSolution
		StartupItem = Assembly-CSharp.csproj
		Policies = $0
		$0.TextStylePolicy = $1
		$1.inheritsSet = null
		$1.scope = text/x-csharp
		$0.CSharpFormattingPolicy = $2
		$2.inheritsSet = Mono
		$2.inheritsScope = text/x-csharp
		$2.scope = text/x-csharp
		$0.TextStylePolicy = $3
		$3.FileWidth = 120
		$3.TabWidth = 4
		$3.IndentWidth = 4
		$3.EolMarker = Unix
		$3.inheritsSet = Mono
		$3.inheritsScope = text/plain
		$3.scope = text/plain
	EndGlobalSection

EndGlobal
